
Microsoft Visual Studio Solution File, Format Version 12.00
# Visual Studio 15
VisualStudioVersion = 15.0.28010.2048
MinimumVisualStudioVersion = 10.0.40219.1
Project("{FAE04EC0-301F-11D3-BF4B-00C04F79EFBC}") = "VideoStore", "VideoStore\VideoStore.csproj", "{5F1292BB-70B0-4620-B0BB-C39D9225F89C}"
EndProject
Global
	GlobalSection(SolutionConfigurationPlatforms) = preSolution
		Debug|Any CPU = Debug|Any CPU
		Release|Any CPU = Release|Any CPU
	EndGlobalSection
	GlobalSection(ProjectConfigurationPlatforms) = postSolution
		{5F1292BB-70B0-4620-B0BB-C39D9225F89C}.Debug|Any CPU.ActiveCfg = Debug|Any CPU
		{5F1292BB-70B0-4620-B0BB-C39D9225F89C}.Debug|Any CPU.Build.0 = Debug|Any CPU
		{5F1292BB-70B0-4620-B0BB-C39D9225F89C}.Release|Any CPU.ActiveCfg = Release|Any CPU
		{5F1292BB-70B0-4620-B0BB-C39D9225F89C}.Release|Any CPU.Build.0 = Release|Any CPU
	EndGlobalSection
	GlobalSection(SolutionProperties) = preSolution
		HideSolutionNode = FALSE
	EndGlobalSection
	GlobalSection(ExtensibilityGlobals) = postSolution
		SolutionGuid = {F53E8A45-0AE7-4027-9DD9-7985D07D5B1D}
	EndGlobalSection
EndGlobal
